
Microsoft Visual Studio Solution File, Format Version 12.00
# Visual Studio Version 16
VisualStudioVersion = 16.0.32002.261
MinimumVisualStudioVersion = 10.0.40219.1
Project("{FAE04EC0-301F-11D3-BF4B-00C04F79EFBC}") = "ServerCodeRest_133_Zulva", "ServerCodeRest_133_Zulva\ServerCodeRest_133_Zulva.csproj", "{C214D068-927C-45A5-854A-53EC16D4734A}"
EndProject
Global
	GlobalSection(SolutionConfigurationPlatforms) = preSolution
		Debug|Any CPU = Debug|Any CPU
		Release|Any CPU = Release|Any CPU
	EndGlobalSection
	GlobalSection(ProjectConfigurationPlatforms) = postSolution
		{C214D068-927C-45A5-854A-53EC16D4734A}.Debug|Any CPU.ActiveCfg = Debug|Any CPU
		{C214D068-927C-45A5-854A-53EC16D4734A}.Debug|Any CPU.Build.0 = Debug|Any CPU
		{C214D068-927C-45A5-854A-53EC16D4734A}.Release|Any CPU.ActiveCfg = Release|Any CPU
		{C214D068-927C-45A5-854A-53EC16D4734A}.Release|Any CPU.Build.0 = Release|Any CPU
	EndGlobalSection
	GlobalSection(SolutionProperties) = preSolution
		HideSolutionNode = FALSE
	EndGlobalSection
	GlobalSection(ExtensibilityGlobals) = postSolution
		SolutionGuid = {2E64A957-1C62-4A69-9951-B69C56AEE8D0}
	EndGlobalSection
EndGlobal
